
Microsoft Visual Studio Solution File, Format Version 12.00
# Visual Studio 15
VisualStudioVersion = 15.0.28307.2017
MinimumVisualStudioVersion = 10.0.40219.1
Project("{FAE04EC0-301F-11D3-BF4B-00C04F79EFBC}") = "WindowsFormsApp1", "WindowsFormsApp1\WindowsFormsApp1.csproj", "{98D1A221-EFA6-43B1-8517-045E7E6D679F}"
EndProject
Global
	GlobalSection(SolutionConfigurationPlatforms) = preSolution
		Debug|Any CPU = Debug|Any CPU
		Release|Any CPU = Release|Any CPU
	EndGlobalSection
	GlobalSection(ProjectConfigurationPlatforms) = postSolution
		{98D1A221-EFA6-43B1-8517-045E7E6D679F}.Debug|Any CPU.ActiveCfg = Debug|Any CPU
		{98D1A221-EFA6-43B1-8517-045E7E6D679F}.Debug|Any CPU.Build.0 = Debug|Any CPU
		{98D1A221-EFA6-43B1-8517-045E7E6D679F}.Release|Any CPU.ActiveCfg = Release|Any CPU
		{98D1A221-EFA6-43B1-8517-045E7E6D679F}.Release|Any CPU.Build.0 = Release|Any CPU
	EndGlobalSection
	GlobalSection(SolutionProperties) = preSolution
		HideSolutionNode = FALSE
	EndGlobalSection
	GlobalSection(ExtensibilityGlobals) = postSolution
		SolutionGuid = {C991BF3C-53BE-454F-A2F1-BD0C10C7172D}
	EndGlobalSection
EndGlobal
